
Microsoft Visual Studio Solution File, Format Version 12.00
# Visual Studio 2017
Project("{FAE04EC0-301F-11D3-BF4B-00C04F79EFBC}") = "MyVuforia552", "MyVuforia552.csproj", "{C1943648-901C-4926-831A-79D81F8B0EB9}"
EndProject
Project("{FAE04EC0-301F-11D3-BF4B-00C04F79EFBC}") = "MyVuforia552.Editor", "MyVuforia552.Editor.csproj", "{048B83E5-6C3A-26CD-17B6-0BC978DEA82C}"
EndProject
Global
	GlobalSection(SolutionConfigurationPlatforms) = preSolution
		Debug|Any CPU = Debug|Any CPU
		Release|Any CPU = Release|Any CPU
	EndGlobalSection
	GlobalSection(ProjectConfigurationPlatforms) = postSolution
		{C1943648-901C-4926-831A-79D81F8B0EB9}.Debug|Any CPU.ActiveCfg = Debug|Any CPU
		{C1943648-901C-4926-831A-79D81F8B0EB9}.Debug|Any CPU.Build.0 = Debug|Any CPU
		{C1943648-901C-4926-831A-79D81F8B0EB9}.Release|Any CPU.ActiveCfg = Release|Any CPU
		{C1943648-901C-4926-831A-79D81F8B0EB9}.Release|Any CPU.Build.0 = Release|Any CPU
		{048B83E5-6C3A-26CD-17B6-0BC978DEA82C}.Debug|Any CPU.ActiveCfg = Debug|Any CPU
		{048B83E5-6C3A-26CD-17B6-0BC978DEA82C}.Debug|Any CPU.Build.0 = Debug|Any CPU
		{048B83E5-6C3A-26CD-17B6-0BC978DEA82C}.Release|Any CPU.ActiveCfg = Release|Any CPU
		{048B83E5-6C3A-26CD-17B6-0BC978DEA82C}.Release|Any CPU.Build.0 = Release|Any CPU
	EndGlobalSection
	GlobalSection(SolutionProperties) = preSolution
		HideSolutionNode = FALSE
	EndGlobalSection
EndGlobal
